{
  "version": 4,
  "terraform_version": "1.9.5",
  "serial": 115,
  "lineage": "39e852c4-9baf-e98e-16fb-b1523f0edda0",
  "outputs": {},
  "resources": [
    {
      "module": "module.eks",
      "mode": "managed",
      "type": "aws_cloudwatch_log_group",
      "name": "log",
      "provider": "provider[\"registry.terraform.io/hashicorp/aws\"]",
      "instances": [
        {
          "schema_version": 0,
          "attributes": {
            "arn": "arn:aws:logs:us-east-1:124355676058:log-group:/aws/eks-terraform-course/MyVPC-Gcluster/cluster",
            "id": "/aws/eks-terraform-course/MyVPC-Gcluster/cluster",
            "kms_key_id": "",
            "log_group_class": "STANDARD",
            "name": "/aws/eks-terraform-course/MyVPC-Gcluster/cluster",
            "name_prefix": "",
            "retention_in_days": 30,
            "skip_destroy": false,
            "tags": null,
            "tags_all": {}
          },
          "sensitive_attributes": [],
          "private": "bnVsbA=="
        }
      ]
    },
    {
      "module": "module.eks",
      "mode": "managed",
      "type": "aws_eks_cluster",
      "name": "cluster",
      "provider": "provider[\"registry.terraform.io/hashicorp/aws\"]",
      "instances": [
        {
          "schema_version": 1,
          "attributes": {
            "access_config": [
              {
                "authentication_mode": "CONFIG_MAP",
                "bootstrap_cluster_creator_admin_permissions": true
              }
            ],
            "arn": "arn:aws:eks:us-east-1:124355676058:cluster/MyVPC-Gcluster",
            "bootstrap_self_managed_addons": true,
            "certificate_authority": [
              {
                "data": "LS0tLS1CRUdJTiBDRVJUSUZJQ0FURS0tLS0tCk1JSURCVENDQWUyZ0F3SUJBZ0lJT01PZjROSjdpQ2d3RFFZSktvWklodmNOQVFFTEJRQXdGVEVUTUJFR0ExVUUKQXhNS2EzVmlaWEp1WlhSbGN6QWVGdzB5TkRBNU1UTXhNelUwTlRCYUZ3MHpOREE1TVRFeE16VTVOVEJhTUJVeApFekFSQmdOVkJBTVRDbXQxWW1WeWJtVjBaWE13Z2dFaU1BMEdDU3FHU0liM0RRRUJBUVVBQTRJQkR3QXdnZ0VLCkFvSUJBUURXdWRScy9UK2VkUWFqR2RiaXpmaDNMZmc4S1JVQnZkbjRxM2FtbXEycC9DdDZCai8rYStvQmxVb0MKZmdwazkyWk5rYUVkWGhMVVcwNlJqL3ByNWFRdVBKV0hWUHp1Ti9UNTZZTVJ3clFKbFplbCtJdnZBaldhODNZWApuc0tzWm9kMWVicm44bEUxOVJkVnpDZVZJcWQrV245Y1NWc2t5c0w3T1F0UVJsbzFuMEJqT0pKSmhEaEFHVFhyCm9tZHlHZlp0dG9uNGFURkU5Mmcwa3gxTDkrdDhTUGduUVpDaTNkUEdtaHNhTlVieDk1UWhQVTlxdVF3cFJsd1QKTTZicm5NdWI0NzNES0Jhd3hKZ0NrWTliSXIxTHJYcW5uTVVXSU5pLzEwNExHVUlxYkprakZUMEdlQ0VlOTlQWQpDbU9wZEhMWGpEYUh5aytyWm9ySVRxeWViaFRqQWdNQkFBR2pXVEJYTUE0R0ExVWREd0VCL3dRRUF3SUNwREFQCkJnTlZIUk1CQWY4RUJUQURBUUgvTUIwR0ExVWREZ1FXQkJRdkY0VXdVamxPQjhEa0RWcEVGZ3YrVnM1d2h6QVYKQmdOVkhSRUVEakFNZ2dwcmRXSmxjbTVsZEdWek1BMEdDU3FHU0liM0RRRUJDd1VBQTRJQkFRQXZlSkxESmZPVQpaRmNBcWV0VGdnWk9NaTJGTHA5TzFERnNQV0o4V2RBVzR5aXEzRS8vYVdRUFI5YUk2anZtOGQ0dDNoN1k3dS9CCmYzMmdrQjBsSWdLaFZaUERrM2ppZlNEKzFtbEVFNEpmTVltZEpBaWRNNG5ZMmI5ZnZuR3NRRTRsYjlObTZqSXgKdGZQN0FoR1RpY0RZc2ZFSkU2YWVHb3FoNkx4ZVJ3VjdhL0o3SVdXYWYwaCtPTFpnTG1aNm9jOGl2d1dUY2RiegpNc3o4bnFOTXI3cUtOcU90UmtLWmNwQlpUUmtxcTdTejZpbzY0eVRJSHJKRlc5bG50MEUxdU1JMC83b2tqYWtkCjVrVVY2d0loYUNiTytyR3cyTmVDWWpOR1VnWnFxRGsreVZ0ZjNKR3lka2VZQkVJZ3ZxVmdNT0ZzUU1VL1dQb0cKdGl1SzFRNytGbmZHCi0tLS0tRU5EIENFUlRJRklDQVRFLS0tLS0K"
              }
            ],
            "cluster_id": null,
            "created_at": "2024-09-13 13:54:29.52 +0000 UTC",
            "enabled_cluster_log_types": [
              "api",
              "audit"
            ],
            "encryption_config": [],
            "endpoint": "https://8B0078AF6C71A2E35DB76997A4982FD3.gr7.us-east-1.eks.amazonaws.com",
            "id": "MyVPC-Gcluster",
            "identity": [
              {
                "oidc": [
                  {
                    "issuer": "https://oidc.eks.us-east-1.amazonaws.com/id/8B0078AF6C71A2E35DB76997A4982FD3"
                  }
                ]
              }
            ],
            "kubernetes_network_config": [
              {
                "ip_family": "ipv4",
                "service_ipv4_cidr": "172.20.0.0/16",
                "service_ipv6_cidr": ""
              }
            ],
            "name": "MyVPC-Gcluster",
            "outpost_config": [],
            "platform_version": "eks.7",
            "role_arn": "arn:aws:iam::124355676058:role/MyVPC-Gcluster-role",
            "status": "ACTIVE",
            "tags": null,
            "tags_all": {},
            "timeouts": null,
            "upgrade_policy": [
              {
                "support_type": "EXTENDED"
              }
            ],
            "version": "1.30",
            "vpc_config": [
              {
                "cluster_security_group_id": "sg-050b8514dbbd0c588",
                "endpoint_private_access": false,
                "endpoint_public_access": true,
                "public_access_cidrs": [
                  "0.0.0.0/0"
                ],
                "security_group_ids": [
                  "sg-01243e63ab3629a72"
                ],
                "subnet_ids": [
                  "subnet-0065730362f76e69c",
                  "subnet-02739b194374f32bc"
                ],
                "vpc_id": "vpc-054f2ac4b20391626"
              }
            ]
          },
          "sensitive_attributes": [],
          "private": "eyJlMmJmYjczMC1lY2FhLTExZTYtOGY4OC0zNDM2M2JjN2M0YzAiOnsiY3JlYXRlIjoxODAwMDAwMDAwMDAwLCJkZWxldGUiOjkwMDAwMDAwMDAwMCwidXBkYXRlIjozNjAwMDAwMDAwMDAwfSwic2NoZW1hX3ZlcnNpb24iOiIxIn0=",
          "dependencies": [
            "module.eks.aws_cloudwatch_log_group.log",
            "module.eks.aws_iam_role.cluster",
            "module.eks.aws_iam_role_policy_attachment.cluster-AmazonEKSClusterPolicy",
            "module.eks.aws_iam_role_policy_attachment.cluster-AmazonEKSVPCResourceController",
            "module.eks.aws_security_group.sg",
            "module.new-vpc.aws_subnet.subnets",
            "module.new-vpc.aws_vpc.new-vpc",
            "module.new-vpc.data.aws_availability_zones.available"
          ]
        }
      ]
    },
    {
      "module": "module.eks",
      "mode": "managed",
      "type": "aws_eks_node_group",
      "name": "node-1",
      "provider": "provider[\"registry.terraform.io/hashicorp/aws\"]",
      "instances": [
        {
          "schema_version": 0,
          "attributes": {
            "ami_type": "AL2023_x86_64_STANDARD",
            "arn": "arn:aws:eks:us-east-1:124355676058:nodegroup/MyVPC-Gcluster/node-1/fac8f5d9-3c1e-1c8b-1138-ae5055898ca7",
            "capacity_type": "ON_DEMAND",
            "cluster_name": "MyVPC-Gcluster",
            "disk_size": 20,
            "force_update_version": null,
            "id": "MyVPC-Gcluster:node-1",
            "instance_types": [
              "t3.micro"
            ],
            "labels": null,
            "launch_template": [],
            "node_group_name": "node-1",
            "node_group_name_prefix": "",
            "node_role_arn": "arn:aws:iam::124355676058:role/MyVPC-Gcluster-role-node",
            "release_version": "1.30.2-20240904",
            "remote_access": [],
            "resources": [
              {
                "autoscaling_groups": [
                  {
                    "name": "eks-node-1-fac8f5d9-3c1e-1c8b-1138-ae5055898ca7"
                  }
                ],
                "remote_access_security_group_id": ""
              }
            ],
            "scaling_config": [
              {
                "desired_size": 2,
                "max_size": 4,
                "min_size": 2
              }
            ],
            "status": "ACTIVE",
            "subnet_ids": [
              "subnet-0065730362f76e69c",
              "subnet-02739b194374f32bc"
            ],
            "tags": null,
            "tags_all": {},
            "taint": [],
            "timeouts": null,
            "update_config": [
              {
                "max_unavailable": 1,
                "max_unavailable_percentage": 0
              }
            ],
            "version": "1.30"
          },
          "sensitive_attributes": [],
          "private": "eyJlMmJmYjczMC1lY2FhLTExZTYtOGY4OC0zNDM2M2JjN2M0YzAiOnsiY3JlYXRlIjozNjAwMDAwMDAwMDAwLCJkZWxldGUiOjM2MDAwMDAwMDAwMDAsInVwZGF0ZSI6MzYwMDAwMDAwMDAwMH19",
          "dependencies": [
            "module.eks.aws_cloudwatch_log_group.log",
            "module.eks.aws_eks_cluster.cluster",
            "module.eks.aws_iam_role.cluster",
            "module.eks.aws_iam_role.node",
            "module.eks.aws_iam_role_policy_attachment.cluster-AmazonEKSClusterPolicy",
            "module.eks.aws_iam_role_policy_attachment.cluster-AmazonEKSVPCResourceController",
            "module.eks.aws_iam_role_policy_attachment.node-AmazonEC2ContainerRegistryReadOnly",
            "module.eks.aws_iam_role_policy_attachment.node-AmazonEKSWorkerNodePolicy",
            "module.eks.aws_iam_role_policy_attachment.node-AmazonEKS_CNI_Policy",
            "module.eks.aws_security_group.sg",
            "module.new-vpc.aws_subnet.subnets",
            "module.new-vpc.aws_vpc.new-vpc",
            "module.new-vpc.data.aws_availability_zones.available"
          ]
        }
      ]
    },
    {
      "module": "module.eks",
      "mode": "managed",
      "type": "aws_iam_role",
      "name": "cluster",
      "provider": "provider[\"registry.terraform.io/hashicorp/aws\"]",
      "instances": [
        {
          "schema_version": 0,
          "attributes": {
            "arn": "arn:aws:iam::124355676058:role/MyVPC-Gcluster-role",
            "assume_role_policy": "{\"Statement\":[{\"Action\":\"sts:AssumeRole\",\"Effect\":\"Allow\",\"Principal\":{\"Service\":\"eks.amazonaws.com\"}}],\"Version\":\"2012-10-17\"}",
            "create_date": "2024-09-13T13:54:13Z",
            "description": "",
            "force_detach_policies": false,
            "id": "MyVPC-Gcluster-role",
            "inline_policy": [],
            "managed_policy_arns": [],
            "max_session_duration": 3600,
            "name": "MyVPC-Gcluster-role",
            "name_prefix": "",
            "path": "/",
            "permissions_boundary": "",
            "tags": null,
            "tags_all": {},
            "unique_id": "AROARZ5BNA6NJM6KBAKLT"
          },
          "sensitive_attributes": [],
          "private": "bnVsbA=="
        }
      ]
    },
    {
      "module": "module.eks",
      "mode": "managed",
      "type": "aws_iam_role",
      "name": "node",
      "provider": "provider[\"registry.terraform.io/hashicorp/aws\"]",
      "instances": [
        {
          "schema_version": 0,
          "attributes": {
            "arn": "arn:aws:iam::124355676058:role/MyVPC-Gcluster-role-node",
            "assume_role_policy": "{\"Statement\":[{\"Action\":\"sts:AssumeRole\",\"Effect\":\"Allow\",\"Principal\":{\"Service\":\"ec2.amazonaws.com\"}}],\"Version\":\"2012-10-17\"}",
            "create_date": "2024-09-13T13:54:13Z",
            "description": "",
            "force_detach_policies": false,
            "id": "MyVPC-Gcluster-role-node",
            "inline_policy": [],
            "managed_policy_arns": [],
            "max_session_duration": 3600,
            "name": "MyVPC-Gcluster-role-node",
            "name_prefix": "",
            "path": "/",
            "permissions_boundary": "",
            "tags": null,
            "tags_all": {},
            "unique_id": "AROARZ5BNA6NPFSH2HW22"
          },
          "sensitive_attributes": [],
          "private": "bnVsbA=="
        }
      ]
    },
    {
      "module": "module.eks",
      "mode": "managed",
      "type": "aws_iam_role_policy_attachment",
      "name": "cluster-AmazonEKSClusterPolicy",
      "provider": "provider[\"registry.terraform.io/hashicorp/aws\"]",
      "instances": [
        {
          "schema_version": 0,
          "attributes": {
            "id": "MyVPC-Gcluster-role-20240913135411489600000001",
            "policy_arn": "arn:aws:iam::aws:policy/AmazonEKSClusterPolicy",
            "role": "MyVPC-Gcluster-role"
          },
          "sensitive_attributes": [],
          "private": "bnVsbA==",
          "dependencies": [
            "module.eks.aws_iam_role.cluster"
          ]
        }
      ]
    },
    {
      "module": "module.eks",
      "mode": "managed",
      "type": "aws_iam_role_policy_attachment",
      "name": "cluster-AmazonEKSVPCResourceController",
      "provider": "provider[\"registry.terraform.io/hashicorp/aws\"]",
      "instances": [
        {
          "schema_version": 0,
          "attributes": {
            "id": "MyVPC-Gcluster-role-20240913135411540400000002",
            "policy_arn": "arn:aws:iam::aws:policy/AmazonEKSVPCResourceController",
            "role": "MyVPC-Gcluster-role"
          },
          "sensitive_attributes": [],
          "private": "bnVsbA==",
          "dependencies": [
            "module.eks.aws_iam_role.cluster"
          ]
        }
      ]
    },
    {
      "module": "module.eks",
      "mode": "managed",
      "type": "aws_iam_role_policy_attachment",
      "name": "node-AmazonEC2ContainerRegistryReadOnly",
      "provider": "provider[\"registry.terraform.io/hashicorp/aws\"]",
      "instances": [
        {
          "schema_version": 0,
          "attributes": {
            "id": "MyVPC-Gcluster-role-node-20240913135411704000000004",
            "policy_arn": "arn:aws:iam::aws:policy/AmazonEC2ContainerRegistryReadOnly",
            "role": "MyVPC-Gcluster-role-node"
          },
          "sensitive_attributes": [],
          "private": "bnVsbA==",
          "dependencies": [
            "module.eks.aws_iam_role.node"
          ]
        }
      ]
    },
    {
      "module": "module.eks",
      "mode": "managed",
      "type": "aws_iam_role_policy_attachment",
      "name": "node-AmazonEKSWorkerNodePolicy",
      "provider": "provider[\"registry.terraform.io/hashicorp/aws\"]",
      "instances": [
        {
          "schema_version": 0,
          "attributes": {
            "id": "MyVPC-Gcluster-role-node-20240913135411780400000005",
            "policy_arn": "arn:aws:iam::aws:policy/AmazonEKSWorkerNodePolicy",
            "role": "MyVPC-Gcluster-role-node"
          },
          "sensitive_attributes": [],
          "private": "bnVsbA==",
          "dependencies": [
            "module.eks.aws_iam_role.node"
          ]
        }
      ]
    },
    {
      "module": "module.eks",
      "mode": "managed",
      "type": "aws_iam_role_policy_attachment",
      "name": "node-AmazonEKS_CNI_Policy",
      "provider": "provider[\"registry.terraform.io/hashicorp/aws\"]",
      "instances": [
        {
          "schema_version": 0,
          "attributes": {
            "id": "MyVPC-Gcluster-role-node-20240913135411661500000003",
            "policy_arn": "arn:aws:iam::aws:policy/AmazonEKS_CNI_Policy",
            "role": "MyVPC-Gcluster-role-node"
          },
          "sensitive_attributes": [],
          "private": "bnVsbA==",
          "dependencies": [
            "module.eks.aws_iam_role.node"
          ]
        }
      ]
    },
    {
      "module": "module.eks",
      "mode": "managed",
      "type": "aws_security_group",
      "name": "sg",
      "provider": "provider[\"registry.terraform.io/hashicorp/aws\"]",
      "instances": [
        {
          "schema_version": 1,
          "attributes": {
            "arn": "arn:aws:ec2:us-east-1:124355676058:security-group/sg-01243e63ab3629a72",
            "description": "Managed by Terraform",
            "egress": [
              {
                "cidr_blocks": [
                  "0.0.0.0/0"
                ],
                "description": "",
                "from_port": 0,
                "ipv6_cidr_blocks": [],
                "prefix_list_ids": [],
                "protocol": "-1",
                "security_groups": [],
                "self": false,
                "to_port": 0
              }
            ],
            "id": "sg-01243e63ab3629a72",
            "ingress": [],
            "name": "terraform-20240913135412693300000006",
            "name_prefix": "terraform-",
            "owner_id": "124355676058",
            "revoke_rules_on_delete": false,
            "tags": {
              "Name": "MyVPCsg"
            },
            "tags_all": {
              "Name": "MyVPCsg"
            },
            "timeouts": null,
            "vpc_id": "vpc-054f2ac4b20391626"
          },
          "sensitive_attributes": [],
          "private": "eyJlMmJmYjczMC1lY2FhLTExZTYtOGY4OC0zNDM2M2JjN2M0YzAiOnsiY3JlYXRlIjo2MDAwMDAwMDAwMDAsImRlbGV0ZSI6OTAwMDAwMDAwMDAwfSwic2NoZW1hX3ZlcnNpb24iOiIxIn0=",
          "dependencies": [
            "module.new-vpc.aws_vpc.new-vpc"
          ]
        }
      ]
    },
    {
      "module": "module.eks",
      "mode": "managed",
      "type": "local_file",
      "name": "kubeconfig",
      "provider": "provider[\"registry.terraform.io/hashicorp/local\"]",
      "instances": [
        {
          "schema_version": 0,
          "attributes": {
            "content": "apiVersion: v1\nclusters:\n- cluster:\n    server: https://8B0078AF6C71A2E35DB76997A4982FD3.gr7.us-east-1.eks.amazonaws.com\n    certificate-authority-data: LS0tLS1CRUdJTiBDRVJUSUZJQ0FURS0tLS0tCk1JSURCVENDQWUyZ0F3SUJBZ0lJT01PZjROSjdpQ2d3RFFZSktvWklodmNOQVFFTEJRQXdGVEVUTUJFR0ExVUUKQXhNS2EzVmlaWEp1WlhSbGN6QWVGdzB5TkRBNU1UTXhNelUwTlRCYUZ3MHpOREE1TVRFeE16VTVOVEJhTUJVeApFekFSQmdOVkJBTVRDbXQxWW1WeWJtVjBaWE13Z2dFaU1BMEdDU3FHU0liM0RRRUJBUVVBQTRJQkR3QXdnZ0VLCkFvSUJBUURXdWRScy9UK2VkUWFqR2RiaXpmaDNMZmc4S1JVQnZkbjRxM2FtbXEycC9DdDZCai8rYStvQmxVb0MKZmdwazkyWk5rYUVkWGhMVVcwNlJqL3ByNWFRdVBKV0hWUHp1Ti9UNTZZTVJ3clFKbFplbCtJdnZBaldhODNZWApuc0tzWm9kMWVicm44bEUxOVJkVnpDZVZJcWQrV245Y1NWc2t5c0w3T1F0UVJsbzFuMEJqT0pKSmhEaEFHVFhyCm9tZHlHZlp0dG9uNGFURkU5Mmcwa3gxTDkrdDhTUGduUVpDaTNkUEdtaHNhTlVieDk1UWhQVTlxdVF3cFJsd1QKTTZicm5NdWI0NzNES0Jhd3hKZ0NrWTliSXIxTHJYcW5uTVVXSU5pLzEwNExHVUlxYkprakZUMEdlQ0VlOTlQWQpDbU9wZEhMWGpEYUh5aytyWm9ySVRxeWViaFRqQWdNQkFBR2pXVEJYTUE0R0ExVWREd0VCL3dRRUF3SUNwREFQCkJnTlZIUk1CQWY4RUJUQURBUUgvTUIwR0ExVWREZ1FXQkJRdkY0VXdVamxPQjhEa0RWcEVGZ3YrVnM1d2h6QVYKQmdOVkhSRUVEakFNZ2dwcmRXSmxjbTVsZEdWek1BMEdDU3FHU0liM0RRRUJDd1VBQTRJQkFRQXZlSkxESmZPVQpaRmNBcWV0VGdnWk9NaTJGTHA5TzFERnNQV0o4V2RBVzR5aXEzRS8vYVdRUFI5YUk2anZtOGQ0dDNoN1k3dS9CCmYzMmdrQjBsSWdLaFZaUERrM2ppZlNEKzFtbEVFNEpmTVltZEpBaWRNNG5ZMmI5ZnZuR3NRRTRsYjlObTZqSXgKdGZQN0FoR1RpY0RZc2ZFSkU2YWVHb3FoNkx4ZVJ3VjdhL0o3SVdXYWYwaCtPTFpnTG1aNm9jOGl2d1dUY2RiegpNc3o4bnFOTXI3cUtOcU90UmtLWmNwQlpUUmtxcTdTejZpbzY0eVRJSHJKRlc5bG50MEUxdU1JMC83b2tqYWtkCjVrVVY2d0loYUNiTytyR3cyTmVDWWpOR1VnWnFxRGsreVZ0ZjNKR3lka2VZQkVJZ3ZxVmdNT0ZzUU1VL1dQb0cKdGl1SzFRNytGbmZHCi0tLS0tRU5EIENFUlRJRklDQVRFLS0tLS0K\n  name: kubernetes\ncontexts:\n- context:\n    cluster: kubernetes\n    user: \"MyVPC-Gcluster\"\n  name: \"MyVPC-Gcluster\"\ncurrent-context: \"MyVPC-Gcluster\"\nkind: Config\npreferences: {}\nusers:\n- name: \"MyVPC-Gcluster\"\n  user:\n    exec:\n      apiVersion: client.authentication.k8s.io/v1beta1\n      command: aws-iam-authenticator\n      args:\n        - \"token\"\n        - \"-i\"\n        - \"MyVPC-Gcluster\"\n",
            "content_base64": null,
            "content_base64sha256": "dQorISZo/tMsOUOYuju9WAa9L+gqTAYu5RPe1DaKKsY=",
            "content_base64sha512": "+hGc75p/p9Uj7SEXTpHOtoVjVPPEseBbH9/xCjzNfaVwjAykFzkx6tksfJ9aXL+FxHbZ6w2aEv66yjSh4CKO1Q==",
            "content_md5": "a586a2247e090f4431fa1d32e441815a",
            "content_sha1": "aeb16da20c2150179ac0309bfa8f808b9af4c4dd",
            "content_sha256": "750a2b212668fed32c394398ba3bbd5806bd2fe82a4c062ee513ded4368a2ac6",
            "content_sha512": "fa119cef9a7fa7d523ed21174e91ceb6856354f3c4b1e05b1fdff10a3ccd7da5708c0ca4173931ead92c7c9f5a5cbf85c476d9eb0d9a12febaca34a1e0228ed5",
            "directory_permission": "0777",
            "file_permission": "0777",
            "filename": "kubeconfig",
            "id": "aeb16da20c2150179ac0309bfa8f808b9af4c4dd",
            "sensitive_content": null,
            "source": null
          },
          "sensitive_attributes": [
            [
              {
                "type": "get_attr",
                "value": "sensitive_content"
              }
            ]
          ],
          "dependencies": [
            "module.eks.aws_cloudwatch_log_group.log",
            "module.eks.aws_eks_cluster.cluster",
            "module.eks.aws_iam_role.cluster",
            "module.eks.aws_iam_role_policy_attachment.cluster-AmazonEKSClusterPolicy",
            "module.eks.aws_iam_role_policy_attachment.cluster-AmazonEKSVPCResourceController",
            "module.eks.aws_security_group.sg",
            "module.new-vpc.aws_subnet.subnets",
            "module.new-vpc.aws_vpc.new-vpc",
            "module.new-vpc.data.aws_availability_zones.available"
          ]
        }
      ]
    },
    {
      "module": "module.new-vpc",
      "mode": "data",
      "type": "aws_availability_zones",
      "name": "available",
      "provider": "provider[\"registry.terraform.io/hashicorp/aws\"]",
      "instances": [
        {
          "schema_version": 0,
          "attributes": {
            "all_availability_zones": null,
            "exclude_names": null,
            "exclude_zone_ids": null,
            "filter": null,
            "group_names": [
              "us-east-1"
            ],
            "id": "us-east-1",
            "names": [
              "us-east-1a",
              "us-east-1b",
              "us-east-1c",
              "us-east-1d",
              "us-east-1e",
              "us-east-1f"
            ],
            "state": null,
            "timeouts": null,
            "zone_ids": [
              "use1-az4",
              "use1-az6",
              "use1-az1",
              "use1-az2",
              "use1-az3",
              "use1-az5"
            ]
          },
          "sensitive_attributes": []
        }
      ]
    },
    {
      "module": "module.new-vpc",
      "mode": "managed",
      "type": "aws_internet_gateway",
      "name": "new-ig",
      "provider": "provider[\"registry.terraform.io/hashicorp/aws\"]",
      "instances": [
        {
          "schema_version": 0,
          "attributes": {
            "arn": "arn:aws:ec2:us-east-1:124355676058:internet-gateway/igw-0f743bbe1765a7fbf",
            "id": "igw-0f743bbe1765a7fbf",
            "owner_id": "124355676058",
            "tags": {
              "Name": "MyVPC-ig"
            },
            "tags_all": {
              "Name": "MyVPC-ig"
            },
            "timeouts": null,
            "vpc_id": "vpc-054f2ac4b20391626"
          },
          "sensitive_attributes": [],
          "private": "eyJlMmJmYjczMC1lY2FhLTExZTYtOGY4OC0zNDM2M2JjN2M0YzAiOnsiY3JlYXRlIjoxMjAwMDAwMDAwMDAwLCJkZWxldGUiOjEyMDAwMDAwMDAwMDAsInVwZGF0ZSI6MTIwMDAwMDAwMDAwMH19",
          "dependencies": [
            "module.new-vpc.aws_vpc.new-vpc"
          ]
        }
      ]
    },
    {
      "module": "module.new-vpc",
      "mode": "managed",
      "type": "aws_route_table",
      "name": "new-rtb",
      "provider": "provider[\"registry.terraform.io/hashicorp/aws\"]",
      "instances": [
        {
          "schema_version": 0,
          "attributes": {
            "arn": "arn:aws:ec2:us-east-1:124355676058:route-table/rtb-084fc16ec1071b1b7",
            "id": "rtb-084fc16ec1071b1b7",
            "owner_id": "124355676058",
            "propagating_vgws": [],
            "route": [
              {
                "carrier_gateway_id": "",
                "cidr_block": "0.0.0.0/0",
                "core_network_arn": "",
                "destination_prefix_list_id": "",
                "egress_only_gateway_id": "",
                "gateway_id": "igw-0f743bbe1765a7fbf",
                "ipv6_cidr_block": "",
                "local_gateway_id": "",
                "nat_gateway_id": "",
                "network_interface_id": "",
                "transit_gateway_id": "",
                "vpc_endpoint_id": "",
                "vpc_peering_connection_id": ""
              }
            ],
            "tags": {
              "Name": "MyVPC-rtb"
            },
            "tags_all": {
              "Name": "MyVPC-rtb"
            },
            "timeouts": null,
            "vpc_id": "vpc-054f2ac4b20391626"
          },
          "sensitive_attributes": [],
          "private": "eyJlMmJmYjczMC1lY2FhLTExZTYtOGY4OC0zNDM2M2JjN2M0YzAiOnsiY3JlYXRlIjozMDAwMDAwMDAwMDAsImRlbGV0ZSI6MzAwMDAwMDAwMDAwLCJ1cGRhdGUiOjEyMDAwMDAwMDAwMH19",
          "dependencies": [
            "module.new-vpc.aws_internet_gateway.new-ig",
            "module.new-vpc.aws_vpc.new-vpc"
          ]
        }
      ]
    },
    {
      "module": "module.new-vpc",
      "mode": "managed",
      "type": "aws_route_table_association",
      "name": "new-rtb-association",
      "provider": "provider[\"registry.terraform.io/hashicorp/aws\"]",
      "instances": [
        {
          "index_key": 0,
          "schema_version": 0,
          "attributes": {
            "gateway_id": "",
            "id": "rtbassoc-03501e9827802ba5e",
            "route_table_id": "rtb-084fc16ec1071b1b7",
            "subnet_id": "subnet-0065730362f76e69c",
            "timeouts": null
          },
          "sensitive_attributes": [],
          "private": "eyJlMmJmYjczMC1lY2FhLTExZTYtOGY4OC0zNDM2M2JjN2M0YzAiOnsiY3JlYXRlIjozMDAwMDAwMDAwMDAsImRlbGV0ZSI6MzAwMDAwMDAwMDAwLCJ1cGRhdGUiOjEyMDAwMDAwMDAwMH19",
          "dependencies": [
            "module.new-vpc.aws_internet_gateway.new-ig",
            "module.new-vpc.aws_route_table.new-rtb",
            "module.new-vpc.aws_subnet.subnets",
            "module.new-vpc.aws_vpc.new-vpc",
            "module.new-vpc.data.aws_availability_zones.available"
          ]
        },
        {
          "index_key": 1,
          "schema_version": 0,
          "attributes": {
            "gateway_id": "",
            "id": "rtbassoc-0ee1f5266d69123a9",
            "route_table_id": "rtb-084fc16ec1071b1b7",
            "subnet_id": "subnet-02739b194374f32bc",
            "timeouts": null
          },
          "sensitive_attributes": [],
          "private": "eyJlMmJmYjczMC1lY2FhLTExZTYtOGY4OC0zNDM2M2JjN2M0YzAiOnsiY3JlYXRlIjozMDAwMDAwMDAwMDAsImRlbGV0ZSI6MzAwMDAwMDAwMDAwLCJ1cGRhdGUiOjEyMDAwMDAwMDAwMH19",
          "dependencies": [
            "module.new-vpc.aws_internet_gateway.new-ig",
            "module.new-vpc.aws_route_table.new-rtb",
            "module.new-vpc.aws_subnet.subnets",
            "module.new-vpc.aws_vpc.new-vpc",
            "module.new-vpc.data.aws_availability_zones.available"
          ]
        }
      ]
    },
    {
      "module": "module.new-vpc",
      "mode": "managed",
      "type": "aws_subnet",
      "name": "subnets",
      "provider": "provider[\"registry.terraform.io/hashicorp/aws\"]",
      "instances": [
        {
          "index_key": 0,
          "schema_version": 1,
          "attributes": {
            "arn": "arn:aws:ec2:us-east-1:124355676058:subnet/subnet-0065730362f76e69c",
            "assign_ipv6_address_on_creation": false,
            "availability_zone": "us-east-1a",
            "availability_zone_id": "use1-az4",
            "cidr_block": "10.0.0.0/24",
            "customer_owned_ipv4_pool": "",
            "enable_dns64": false,
            "enable_lni_at_device_index": 0,
            "enable_resource_name_dns_a_record_on_launch": false,
            "enable_resource_name_dns_aaaa_record_on_launch": false,
            "id": "subnet-0065730362f76e69c",
            "ipv6_cidr_block": "",
            "ipv6_cidr_block_association_id": "",
            "ipv6_native": false,
            "map_customer_owned_ip_on_launch": false,
            "map_public_ip_on_launch": true,
            "outpost_arn": "",
            "owner_id": "124355676058",
            "private_dns_hostname_type_on_launch": "ip-name",
            "tags": {
              "Name": "MyVPC-subnet-0"
            },
            "tags_all": {
              "Name": "MyVPC-subnet-0"
            },
            "timeouts": null,
            "vpc_id": "vpc-054f2ac4b20391626"
          },
          "sensitive_attributes": [],
          "private": "eyJlMmJmYjczMC1lY2FhLTExZTYtOGY4OC0zNDM2M2JjN2M0YzAiOnsiY3JlYXRlIjo2MDAwMDAwMDAwMDAsImRlbGV0ZSI6MTIwMDAwMDAwMDAwMH0sInNjaGVtYV92ZXJzaW9uIjoiMSJ9",
          "dependencies": [
            "module.new-vpc.aws_vpc.new-vpc",
            "module.new-vpc.data.aws_availability_zones.available"
          ]
        },
        {
          "index_key": 1,
          "schema_version": 1,
          "attributes": {
            "arn": "arn:aws:ec2:us-east-1:124355676058:subnet/subnet-02739b194374f32bc",
            "assign_ipv6_address_on_creation": false,
            "availability_zone": "us-east-1b",
            "availability_zone_id": "use1-az6",
            "cidr_block": "10.0.1.0/24",
            "customer_owned_ipv4_pool": "",
            "enable_dns64": false,
            "enable_lni_at_device_index": 0,
            "enable_resource_name_dns_a_record_on_launch": false,
            "enable_resource_name_dns_aaaa_record_on_launch": false,
            "id": "subnet-02739b194374f32bc",
            "ipv6_cidr_block": "",
            "ipv6_cidr_block_association_id": "",
            "ipv6_native": false,
            "map_customer_owned_ip_on_launch": false,
            "map_public_ip_on_launch": true,
            "outpost_arn": "",
            "owner_id": "124355676058",
            "private_dns_hostname_type_on_launch": "ip-name",
            "tags": {
              "Name": "MyVPC-subnet-1"
            },
            "tags_all": {
              "Name": "MyVPC-subnet-1"
            },
            "timeouts": null,
            "vpc_id": "vpc-054f2ac4b20391626"
          },
          "sensitive_attributes": [],
          "private": "eyJlMmJmYjczMC1lY2FhLTExZTYtOGY4OC0zNDM2M2JjN2M0YzAiOnsiY3JlYXRlIjo2MDAwMDAwMDAwMDAsImRlbGV0ZSI6MTIwMDAwMDAwMDAwMH0sInNjaGVtYV92ZXJzaW9uIjoiMSJ9",
          "dependencies": [
            "module.new-vpc.aws_vpc.new-vpc",
            "module.new-vpc.data.aws_availability_zones.available"
          ]
        }
      ]
    },
    {
      "module": "module.new-vpc",
      "mode": "managed",
      "type": "aws_vpc",
      "name": "new-vpc",
      "provider": "provider[\"registry.terraform.io/hashicorp/aws\"]",
      "instances": [
        {
          "schema_version": 1,
          "attributes": {
            "arn": "arn:aws:ec2:us-east-1:124355676058:vpc/vpc-054f2ac4b20391626",
            "assign_generated_ipv6_cidr_block": false,
            "cidr_block": "10.0.0.0/16",
            "default_network_acl_id": "acl-0385cc4ef3780364c",
            "default_route_table_id": "rtb-0cbed2265b9ae0e68",
            "default_security_group_id": "sg-01d3281777fc02e43",
            "dhcp_options_id": "dopt-0dc22150838e30fe0",
            "enable_dns_hostnames": false,
            "enable_dns_support": true,
            "enable_network_address_usage_metrics": false,
            "id": "vpc-054f2ac4b20391626",
            "instance_tenancy": "default",
            "ipv4_ipam_pool_id": null,
            "ipv4_netmask_length": null,
            "ipv6_association_id": "",
            "ipv6_cidr_block": "",
            "ipv6_cidr_block_network_border_group": "",
            "ipv6_ipam_pool_id": "",
            "ipv6_netmask_length": 0,
            "main_route_table_id": "rtb-0cbed2265b9ae0e68",
            "owner_id": "124355676058",
            "tags": {
              "Name": "MyVPC-vpc"
            },
            "tags_all": {
              "Name": "MyVPC-vpc"
            }
          },
          "sensitive_attributes": [],
          "private": "eyJzY2hlbWFfdmVyc2lvbiI6IjEifQ=="
        }
      ]
    }
  ],
  "check_results": null
}
